
Microsoft Visual Studio Solution File, Format Version 12.00
# Visual Studio 14
VisualStudioVersion = 14.0.25420.1
MinimumVisualStudioVersion = 10.0.40219.1
Project("{FAE04EC0-301F-11D3-BF4B-00C04F79EFBC}") = "KfrBinaryReader", "KfrBinaryReader\KfrBinaryReader.csproj", "{318A0B52-FD6D-45CC-B0F8-408BA58768A2}"
EndProject
Project("{FAE04EC0-301F-11D3-BF4B-00C04F79EFBC}") = "KfrBinaryReaderConsole", "KfrBinaryReaderConsole\KfrBinaryReaderConsole.csproj", "{623D3E7C-D3A9-4265-9D2B-AE1996B39BCC}"
EndProject
Project("{FAE04EC0-301F-11D3-BF4B-00C04F79EFBC}") = "KfrBinaryReaderTests", "KfrBinaryReaderTests\KfrBinaryReaderTests.csproj", "{0C128F90-CA27-473E-B545-01531581F3F9}"
EndProject
Project("{FAE04EC0-301F-11D3-BF4B-00C04F79EFBC}") = "KfrBinaryReader.Core", "KfrBinaryReader.Core\KfrBinaryReader.Core.csproj", "{3D19A6DA-3C7C-4BD8-8488-6770A765F02F}"
EndProject
Project("{FAE04EC0-301F-11D3-BF4B-00C04F79EFBC}") = "KfrBinaryReader.Extensions", "KfrBinaryReader.Extensions\KfrBinaryReader.Extensions.csproj", "{5EC36511-EA7D-44FD-810F-55DD1C0A2400}"
EndProject
Project("{FAE04EC0-301F-11D3-BF4B-00C04F79EFBC}") = "KfrBinaryReader.Parsers", "KfrBinaryReader.Parsers\KfrBinaryReader.Parsers.csproj", "{07BB8DC9-A802-4151-816C-01866240856D}"
EndProject
Project("{FAE04EC0-301F-11D3-BF4B-00C04F79EFBC}") = "KfrBinaryReader.Exporters", "KfrBinaryReader.Exporters\KfrBinaryReader.Exporters.csproj", "{781BA003-AEB4-40F4-A376-23198E656E1C}"
EndProject
Global
	GlobalSection(SolutionConfigurationPlatforms) = preSolution
		Debug|Any CPU = Debug|Any CPU
		Release|Any CPU = Release|Any CPU
	EndGlobalSection
	GlobalSection(ProjectConfigurationPlatforms) = postSolution
		{318A0B52-FD6D-45CC-B0F8-408BA58768A2}.Debug|Any CPU.ActiveCfg = Debug|Any CPU
		{318A0B52-FD6D-45CC-B0F8-408BA58768A2}.Debug|Any CPU.Build.0 = Debug|Any CPU
		{318A0B52-FD6D-45CC-B0F8-408BA58768A2}.Release|Any CPU.ActiveCfg = Release|Any CPU
		{318A0B52-FD6D-45CC-B0F8-408BA58768A2}.Release|Any CPU.Build.0 = Release|Any CPU
		{623D3E7C-D3A9-4265-9D2B-AE1996B39BCC}.Debug|Any CPU.ActiveCfg = Debug|Any CPU
		{623D3E7C-D3A9-4265-9D2B-AE1996B39BCC}.Debug|Any CPU.Build.0 = Debug|Any CPU
		{623D3E7C-D3A9-4265-9D2B-AE1996B39BCC}.Release|Any CPU.ActiveCfg = Release|Any CPU
		{623D3E7C-D3A9-4265-9D2B-AE1996B39BCC}.Release|Any CPU.Build.0 = Release|Any CPU
		{0C128F90-CA27-473E-B545-01531581F3F9}.Debug|Any CPU.ActiveCfg = Debug|Any CPU
		{0C128F90-CA27-473E-B545-01531581F3F9}.Debug|Any CPU.Build.0 = Debug|Any CPU
		{0C128F90-CA27-473E-B545-01531581F3F9}.Release|Any CPU.ActiveCfg = Release|Any CPU
		{0C128F90-CA27-473E-B545-01531581F3F9}.Release|Any CPU.Build.0 = Release|Any CPU
		{3D19A6DA-3C7C-4BD8-8488-6770A765F02F}.Debug|Any CPU.ActiveCfg = Debug|Any CPU
		{3D19A6DA-3C7C-4BD8-8488-6770A765F02F}.Debug|Any CPU.Build.0 = Debug|Any CPU
		{3D19A6DA-3C7C-4BD8-8488-6770A765F02F}.Release|Any CPU.ActiveCfg = Release|Any CPU
		{3D19A6DA-3C7C-4BD8-8488-6770A765F02F}.Release|Any CPU.Build.0 = Release|Any CPU
		{5EC36511-EA7D-44FD-810F-55DD1C0A2400}.Debug|Any CPU.ActiveCfg = Debug|Any CPU
		{5EC36511-EA7D-44FD-810F-55DD1C0A2400}.Debug|Any CPU.Build.0 = Debug|Any CPU
		{5EC36511-EA7D-44FD-810F-55DD1C0A2400}.Release|Any CPU.ActiveCfg = Release|Any CPU
		{5EC36511-EA7D-44FD-810F-55DD1C0A2400}.Release|Any CPU.Build.0 = Release|Any CPU
		{07BB8DC9-A802-4151-816C-01866240856D}.Debug|Any CPU.ActiveCfg = Debug|Any CPU
		{07BB8DC9-A802-4151-816C-01866240856D}.Debug|Any CPU.Build.0 = Debug|Any CPU
		{07BB8DC9-A802-4151-816C-01866240856D}.Release|Any CPU.ActiveCfg = Release|Any CPU
		{07BB8DC9-A802-4151-816C-01866240856D}.Release|Any CPU.Build.0 = Release|Any CPU
		{781BA003-AEB4-40F4-A376-23198E656E1C}.Debug|Any CPU.ActiveCfg = Debug|Any CPU
		{781BA003-AEB4-40F4-A376-23198E656E1C}.Debug|Any CPU.Build.0 = Debug|Any CPU
		{781BA003-AEB4-40F4-A376-23198E656E1C}.Release|Any CPU.ActiveCfg = Release|Any CPU
		{781BA003-AEB4-40F4-A376-23198E656E1C}.Release|Any CPU.Build.0 = Release|Any CPU
	EndGlobalSection
	GlobalSection(SolutionProperties) = preSolution
		HideSolutionNode = FALSE
	EndGlobalSection
EndGlobal
